
Microsoft Visual Studio Solution File, Format Version 12.00
# Visual Studio Version 17
VisualStudioVersion = 17.7.34024.191
MinimumVisualStudioVersion = 10.0.40219.1
Project("{FAE04EC0-301F-11D3-BF4B-00C04F79EFBC}") = "webSpider2", "webSpider2\webSpider2.csproj", "{D17C8A73-FDDB-4441-9568-8B10825D28BE}"
EndProject
Global
	GlobalSection(SolutionConfigurationPlatforms) = preSolution
		Debug|Any CPU = Debug|Any CPU
		Release|Any CPU = Release|Any CPU
	EndGlobalSection
	GlobalSection(ProjectConfigurationPlatforms) = postSolution
		{D17C8A73-FDDB-4441-9568-8B10825D28BE}.Debug|Any CPU.ActiveCfg = Debug|Any CPU
		{D17C8A73-FDDB-4441-9568-8B10825D28BE}.Debug|Any CPU.Build.0 = Debug|Any CPU
		{D17C8A73-FDDB-4441-9568-8B10825D28BE}.Release|Any CPU.ActiveCfg = Release|Any CPU
		{D17C8A73-FDDB-4441-9568-8B10825D28BE}.Release|Any CPU.Build.0 = Release|Any CPU
	EndGlobalSection
	GlobalSection(SolutionProperties) = preSolution
		HideSolutionNode = FALSE
	EndGlobalSection
	GlobalSection(ExtensibilityGlobals) = postSolution
		SolutionGuid = {D7382BE8-324E-4846-8036-7EA3074BF316}
	EndGlobalSection
EndGlobal
